
Microsoft Visual Studio Solution File, Format Version 12.00
# Visual Studio 15
VisualStudioVersion = 15.0.27130.2027
MinimumVisualStudioVersion = 10.0.40219.1
Project("{FAE04EC0-301F-11D3-BF4B-00C04F79EFBC}") = "TeamDemo", "TeamDemo\TeamDemo.csproj", "{87671B69-E8C7-4370-9527-825EA3050193}"
EndProject
Global
	GlobalSection(SolutionConfigurationPlatforms) = preSolution
		Debug|Any CPU = Debug|Any CPU
		Release|Any CPU = Release|Any CPU
	EndGlobalSection
	GlobalSection(ProjectConfigurationPlatforms) = postSolution
		{87671B69-E8C7-4370-9527-825EA3050193}.Debug|Any CPU.ActiveCfg = Debug|Any CPU
		{87671B69-E8C7-4370-9527-825EA3050193}.Debug|Any CPU.Build.0 = Debug|Any CPU
		{87671B69-E8C7-4370-9527-825EA3050193}.Release|Any CPU.ActiveCfg = Release|Any CPU
		{87671B69-E8C7-4370-9527-825EA3050193}.Release|Any CPU.Build.0 = Release|Any CPU
	EndGlobalSection
	GlobalSection(SolutionProperties) = preSolution
		HideSolutionNode = FALSE
	EndGlobalSection
	GlobalSection(ExtensibilityGlobals) = postSolution
		SolutionGuid = {50B3825C-2E51-4F47-A6A1-58836CDFF720}
	EndGlobalSection
EndGlobal
